// !$*UTF8*$!
{
	archiveVersion = 1;
	classes = {
	};
	objectVersion = 50;
	objects = {

/* Begin PBXBuildFile section */
		8C18C34C2440805E0012E5A2 /* AppDelegate.swift in Sources */ = {isa = PBXBuildFile; fileRef = 8C18C34B2440805E0012E5A2 /* AppDelegate.swift */; };
		8C18C34E2440805E0012E5A2 /* SceneDelegate.swift in Sources */ = {isa = PBXBuildFile; fileRef = 8C18C34D2440805E0012E5A2 /* SceneDelegate.swift */; };
		8C18C3512440805E0012E5A2 /* Dota_Timer.xcdatamodeld in Sources */ = {isa = PBXBuildFile; fileRef = 8C18C34F2440805E0012E5A2 /* Dota_Timer.xcdatamodeld */; };
		8C18C3532440805E0012E5A2 /* ContentView.swift in Sources */ = {isa = PBXBuildFile; fileRef = 8C18C3522440805E0012E5A2 /* ContentView.swift */; };
		8C18C355244080620012E5A2 /* Assets.xcassets in Resources */ = {isa = PBXBuildFile; fileRef = 8C18C354244080620012E5A2 /* Assets.xcassets */; };
		8C18C358244080620012E5A2 /* Preview Assets.xcassets in Resources */ = {isa = PBXBuildFile; fileRef = 8C18C357244080620012E5A2 /* Preview Assets.xcassets */; };
		8C18C35B244080620012E5A2 /* LaunchScreen.storyboard in Resources */ = {isa = PBXBuildFile; fileRef = 8C18C359244080620012E5A2 /* LaunchScreen.storyboard */; };
		8C18C366244080620012E5A2 /* Dota_TimerTests.swift in Sources */ = {isa = PBXBuildFile; fileRef = 8C18C365244080620012E5A2 /* Dota_TimerTests.swift */; };
		8C18C371244080620012E5A2 /* Dota_TimerUITests.swift in Sources */ = {isa = PBXBuildFile; fileRef = 8C18C370244080620012E5A2 /* Dota_TimerUITests.swift */; };
		8C18C3802440823E0012E5A2 /* GameViewController.swift in Sources */ = {isa = PBXBuildFile; fileRef = 8C18C37E2440823E0012E5A2 /* GameViewController.swift */; };
		8C18C3812440823E0012E5A2 /* GameViewController.xib in Resources */ = {isa = PBXBuildFile; fileRef = 8C18C37F2440823E0012E5A2 /* GameViewController.xib */; };
		8C18C383244097560012E5A2 /* GameViewControllerTest.swift in Sources */ = {isa = PBXBuildFile; fileRef = 8C18C382244097560012E5A2 /* GameViewControllerTest.swift */; };
		8C18C3852440A80B0012E5A2 /* bounty-rune.mp3 in Resources */ = {isa = PBXBuildFile; fileRef = 8C18C3842440A80B0012E5A2 /* bounty-rune.mp3 */; };
		8C18C3882440A9010012E5A2 /* roshan-scream.mp3 in Resources */ = {isa = PBXBuildFile; fileRef = 8C18C3872440A9010012E5A2 /* roshan-scream.mp3 */; };
		8C18C38A2440A90E0012E5A2 /* aegis-expiry.mp3 in Resources */ = {isa = PBXBuildFile; fileRef = 8C18C3892440A90E0012E5A2 /* aegis-expiry.mp3 */; };
/* End PBXBuildFile section */

/* Begin PBXContainerItemProxy section */
		8C18C362244080620012E5A2 /* PBXContainerItemProxy */ = {
			isa = PBXContainerItemProxy;
			containerPortal = 8C18C3402440805E0012E5A2 /* Project object */;
			proxyType = 1;
			remoteGlobalIDString = 8C18C3472440805E0012E5A2;
			remoteInfo = "Dota Timer";
		};
		8C18C36D244080620012E5A2 /* PBXContainerItemProxy */ = {
			isa = PBXContainerItemProxy;
			containerPortal = 8C18C3402440805E0012E5A2 /* Project object */;
			proxyType = 1;
			remoteGlobalIDString = 8C18C3472440805E0012E5A2;
			remoteInfo = "Dota Timer";
		};
/* End PBXContainerItemProxy section */

/* Begin PBXFileReference section */
		8C18C3482440805E0012E5A2 /* Dota Timer.app */ = {isa = PBXFileReference; explicitFileType = wrapper.application; includeInIndex = 0; path = "Dota Timer.app"; sourceTree = BUILT_PRODUCTS_DIR; };
		8C18C34B2440805E0012E5A2 /* AppDelegate.swift */ = {isa = PBXFileReference; lastKnownFileType = sourcecode.swift; path = AppDelegate.swift; sourceTree = "<group>"; };
		8C18C34D2440805E0012E5A2 /* SceneDelegate.swift */ = {isa = PBXFileReference; lastKnownFileType = sourcecode.swift; path = SceneDelegate.swift; sourceTree = "<group>"; };
		8C18C3502440805E0012E5A2 /* Dota_Timer.xcdatamodel */ = {isa = PBXFileReference; lastKnownFileType = wrapper.xcdatamodel; path = Dota_Timer.xcdatamodel; sourceTree = "<group>"; };
		8C18C3522440805E0012E5A2 /* ContentView.swift */ = {isa = PBXFileReference; lastKnownFileType = sourcecode.swift; path = ContentView.swift; sourceTree = "<group>"; };
		8C18C354244080620012E5A2 /* Assets.xcassets */ = {isa = PBXFileReference; lastKnownFileType = folder.assetcatalog; path = Assets.xcassets; sourceTree = "<group>"; };
		8C18C357244080620012E5A2 /* Preview Assets.xcassets */ = {isa = PBXFileReference; lastKnownFileType = folder.assetcatalog; path = "Preview Assets.xcassets"; sourceTree = "<group>"; };
		8C18C35A244080620012E5A2 /* Base */ = {isa = PBXFileReference; lastKnownFileType = file.storyboard; name = Base; path = Base.lproj/LaunchScreen.storyboard; sourceTree = "<group>"; };
		8C18C35C244080620012E5A2 /* Info.plist */ = {isa = PBXFileReference; lastKnownFileType = text.plist.xml; path = Info.plist; sourceTree = "<group>"; };
		8C18C361244080620012E5A2 /* Dota TimerTests.xctest */ = {isa = PBXFileReference; explicitFileType = wrapper.cfbundle; includeInIndex = 0; path = "Dota TimerTests.xctest"; sourceTree = BUILT_PRODUCTS_DIR; };
		8C18C365244080620012E5A2 /* Dota_TimerTests.swift */ = {isa = PBXFileReference; lastKnownFileType = sourcecode.swift; path = Dota_TimerTests.swift; sourceTree = "<group>"; };
		8C18C367244080620012E5A2 /* Info.plist */ = {isa = PBXFileReference; lastKnownFileType = text.plist.xml; path = Info.plist; sourceTree = "<group>"; };
		8C18C36C244080620012E5A2 /* Dota TimerUITests.xctest */ = {isa = PBXFileReference; explicitFileType = wrapper.cfbundle; includeInIndex = 0; path = "Dota TimerUITests.xctest"; sourceTree = BUILT_PRODUCTS_DIR; };
		8C18C370244080620012E5A2 /* Dota_TimerUITests.swift */ = {isa = PBXFileReference; lastKnownFileType = sourcecode.swift; path = Dota_TimerUITests.swift; sourceTree = "<group>"; };
		8C18C372244080620012E5A2 /* Info.plist */ = {isa = PBXFileReference; lastKnownFileType = text.plist.xml; path = Info.plist; sourceTree = "<group>"; };
		8C18C37E2440823E0012E5A2 /* GameViewController.swift */ = {isa = PBXFileReference; lastKnownFileType = sourcecode.swift; path = GameViewController.swift; sourceTree = "<group>"; };
		8C18C37F2440823E0012E5A2 /* GameViewController.xib */ = {isa = PBXFileReference; lastKnownFileType = file.xib; path = GameViewController.xib; sourceTree = "<group>"; };
		8C18C382244097560012E5A2 /* GameViewControllerTest.swift */ = {isa = PBXFileReference; lastKnownFileType = sourcecode.swift; path = GameViewControllerTest.swift; sourceTree = "<group>"; };
		8C18C3842440A80B0012E5A2 /* bounty-rune.mp3 */ = {isa = PBXFileReference; lastKnownFileType = audio.mp3; path = "bounty-rune.mp3"; sourceTree = "<group>"; };
		8C18C3872440A9010012E5A2 /* roshan-scream.mp3 */ = {isa = PBXFileReference; lastKnownFileType = audio.mp3; path = "roshan-scream.mp3"; sourceTree = "<group>"; };
		8C18C3892440A90E0012E5A2 /* aegis-expiry.mp3 */ = {isa = PBXFileReference; lastKnownFileType = audio.mp3; path = "aegis-expiry.mp3"; sourceTree = "<group>"; };
/* End PBXFileReference section */

/* Begin PBXFrameworksBuildPhase section */
		8C18C3452440805E0012E5A2 /* Frameworks */ = {
			isa = PBXFrameworksBuildPhase;
			buildActionMask = 2147483647;
			files = (
			);
			runOnlyForDeploymentPostprocessing = 0;
		};
		8C18C35E244080620012E5A2 /* Frameworks */ = {
			isa = PBXFrameworksBuildPhase;
			buildActionMask = 2147483647;
			files = (
			);
			runOnlyForDeploymentPostprocessing = 0;
		};
		8C18C369244080620012E5A2 /* Frameworks */ = {
			isa = PBXFrameworksBuildPhase;
			buildActionMask = 2147483647;
			files = (
			);
			runOnlyForDeploymentPostprocessing = 0;
		};
/* End PBXFrameworksBuildPhase section */

/* Begin PBXGroup section */
		8C18C33F2440805E0012E5A2 = {
			isa = PBXGroup;
			children = (
				8C18C34A2440805E0012E5A2 /* Dota Timer */,
				8C18C364244080620012E5A2 /* Dota TimerTests */,
				8C18C36F244080620012E5A2 /* Dota TimerUITests */,
				8C18C3492440805E0012E5A2 /* Products */,
			);
			sourceTree = "<group>";
		};
		8C18C3492440805E0012E5A2 /* Products */ = {
			isa = PBXGroup;
			children = (
				8C18C3482440805E0012E5A2 /* Dota Timer.app */,
				8C18C361244080620012E5A2 /* Dota TimerTests.xctest */,
				8C18C36C244080620012E5A2 /* Dota TimerUITests.xctest */,
			);
			name = Products;
			sourceTree = "<group>";
		};
		8C18C34A2440805E0012E5A2 /* Dota Timer */ = {
			isa = PBXGroup;
			children = (
				8C18C3862440A8380012E5A2 /* Assets */,
				8C18C34B2440805E0012E5A2 /* AppDelegate.swift */,
				8C18C34D2440805E0012E5A2 /* SceneDelegate.swift */,
				8C18C3522440805E0012E5A2 /* ContentView.swift */,
				8C18C359244080620012E5A2 /* LaunchScreen.storyboard */,
				8C18C35C244080620012E5A2 /* Info.plist */,
				8C18C34F2440805E0012E5A2 /* Dota_Timer.xcdatamodeld */,
				8C18C356244080620012E5A2 /* Preview Content */,
				8C18C37E2440823E0012E5A2 /* GameViewController.swift */,
				8C18C37F2440823E0012E5A2 /* GameViewController.xib */,
			);
			path = "Dota Timer";
			sourceTree = "<group>";
		};
		8C18C356244080620012E5A2 /* Preview Content */ = {
			isa = PBXGroup;
			children = (
				8C18C357244080620012E5A2 /* Preview Assets.xcassets */,
			);
			path = "Preview Content";
			sourceTree = "<group>";
		};
		8C18C364244080620012E5A2 /* Dota TimerTests */ = {
			isa = PBXGroup;
			children = (
				8C18C365244080620012E5A2 /* Dota_TimerTests.swift */,
				8C18C367244080620012E5A2 /* Info.plist */,
				8C18C382244097560012E5A2 /* GameViewControllerTest.swift */,
			);
			path = "Dota TimerTests";
			sourceTree = "<group>";
		};
		8C18C36F244080620012E5A2 /* Dota TimerUITests */ = {
			isa = PBXGroup;
			children = (
				8C18C370244080620012E5A2 /* Dota_TimerUITests.swift */,
				8C18C372244080620012E5A2 /* Info.plist */,
			);
			path = "Dota TimerUITests";
			sourceTree = "<group>";
		};
		8C18C3862440A8380012E5A2 /* Assets */ = {
			isa = PBXGroup;
			children = (
				8C18C354244080620012E5A2 /* Assets.xcassets */,
				8C18C3842440A80B0012E5A2 /* bounty-rune.mp3 */,
				8C18C3872440A9010012E5A2 /* roshan-scream.mp3 */,
				8C18C3892440A90E0012E5A2 /* aegis-expiry.mp3 */,
			);
			path = Assets;
			sourceTree = "<group>";
		};
/* End PBXGroup section */

/* Begin PBXNativeTarget section */
		8C18C3472440805E0012E5A2 /* Dota Timer */ = {
			isa = PBXNativeTarget;
			buildConfigurationList = 8C18C375244080620012E5A2 /* Build configuration list for PBXNativeTarget "Dota Timer" */;
			buildPhases = (
				8C18C3442440805E0012E5A2 /* Sources */,
				8C18C3452440805E0012E5A2 /* Frameworks */,
				8C18C3462440805E0012E5A2 /* Resources */,
			);
			buildRules = (
			);
			dependencies = (
			);
			name = "Dota Timer";
			productName = "Dota Timer";
			productReference = 8C18C3482440805E0012E5A2 /* Dota Timer.app */;
			productType = "com.apple.product-type.application";
		};
		8C18C360244080620012E5A2 /* Dota TimerTests */ = {
			isa = PBXNativeTarget;
			buildConfigurationList = 8C18C378244080620012E5A2 /* Build configuration list for PBXNativeTarget "Dota TimerTests" */;
			buildPhases = (
				8C18C35D244080620012E5A2 /* Sources */,
				8C18C35E244080620012E5A2 /* Frameworks */,
				8C18C35F244080620012E5A2 /* Resources */,
			);
			buildRules = (
			);
			dependencies = (
				8C18C363244080620012E5A2 /* PBXTargetDependency */,
			);
			name = "Dota TimerTests";
			productName = "Dota TimerTests";
			productReference = 8C18C361244080620012E5A2 /* Dota TimerTests.xctest */;
			productType = "com.apple.product-type.bundle.unit-test";
		};
		8C18C36B244080620012E5A2 /* Dota TimerUITests */ = {
			isa = PBXNativeTarget;
			buildConfigurationList = 8C18C37B244080620012E5A2 /* Build configuration list for PBXNativeTarget "Dota TimerUITests" */;
			buildPhases = (
				8C18C368244080620012E5A2 /* Sources */,
				8C18C369244080620012E5A2 /* Frameworks */,
				8C18C36A244080620012E5A2 /* Resources */,
			);
			buildRules = (
			);
			dependencies = (
				8C18C36E244080620012E5A2 /* PBXTargetDependency */,
			);
			name = "Dota TimerUITests";
			productName = "Dota TimerUITests";
			productReference = 8C18C36C244080620012E5A2 /* Dota TimerUITests.xctest */;
			productType = "com.apple.product-type.bundle.ui-testing";
		};
/* End PBXNativeTarget section */

/* Begin PBXProject section */
		8C18C3402440805E0012E5A2 /* Project object */ = {
			isa = PBXProject;
			attributes = {
				LastSwiftUpdateCheck = 1140;
				LastUpgradeCheck = 1140;
				ORGANIZATIONNAME = "Pedro Lenzi";
				TargetAttributes = {
					8C18C3472440805E0012E5A2 = {
						CreatedOnToolsVersion = 11.4;
					};
					8C18C360244080620012E5A2 = {
						CreatedOnToolsVersion = 11.4;
						TestTargetID = 8C18C3472440805E0012E5A2;
					};
					8C18C36B244080620012E5A2 = {
						CreatedOnToolsVersion = 11.4;
						TestTargetID = 8C18C3472440805E0012E5A2;
					};
				};
			};
			buildConfigurationList = 8C18C3432440805E0012E5A2 /* Build configuration list for PBXProject "Dota Timer" */;
			compatibilityVersion = "Xcode 9.3";
			developmentRegion = en;
			hasScannedForEncodings = 0;
			knownRegions = (
				en,
				Base,
			);
			mainGroup = 8C18C33F2440805E0012E5A2;
			productRefGroup = 8C18C3492440805E0012E5A2 /* Products */;
			projectDirPath = "";
			projectRoot = "";
			targets = (
				8C18C3472440805E0012E5A2 /* Dota Timer */,
				8C18C360244080620012E5A2 /* Dota TimerTests */,
				8C18C36B244080620012E5A2 /* Dota TimerUITests */,
			);
		};
/* End PBXProject section */

/* Begin PBXResourcesBuildPhase section */
		8C18C3462440805E0012E5A2 /* Resources */ = {
			isa = PBXResourcesBuildPhase;
			buildActionMask = 2147483647;
			files = (
				8C18C3812440823E0012E5A2 /* GameViewController.xib in Resources */,
				8C18C35B244080620012E5A2 /* LaunchScreen.storyboard in Resources */,
				8C18C3882440A9010012E5A2 /* roshan-scream.mp3 in Resources */,
				8C18C358244080620012E5A2 /* Preview Assets.xcassets in Resources */,
				8C18C3852440A80B0012E5A2 /* bounty-rune.mp3 in Resources */,
				8C18C355244080620012E5A2 /* Assets.xcassets in Resources */,
				8C18C38A2440A90E0012E5A2 /* aegis-expiry.mp3 in Resources */,
			);
			runOnlyForDeploymentPostprocessing = 0;
		};
		8C18C35F244080620012E5A2 /* Resources */ = {
			isa = PBXResourcesBuildPhase;
			buildActionMask = 2147483647;
			files = (
			);
			runOnlyForDeploymentPostprocessing = 0;
		};
		8C18C36A244080620012E5A2 /* Resources */ = {
			isa = PBXResourcesBuildPhase;
			buildActionMask = 2147483647;
			files = (
			);
			runOnlyForDeploymentPostprocessing = 0;
		};
/* End PBXResourcesBuildPhase section */

/* Begin PBXSourcesBuildPhase section */
		8C18C3442440805E0012E5A2 /* Sources */ = {
			isa = PBXSourcesBuildPhase;
			buildActionMask = 2147483647;
			files = (
				8C18C3802440823E0012E5A2 /* GameViewController.swift in Sources */,
				8C18C3512440805E0012E5A2 /* Dota_Timer.xcdatamodeld in Sources */,
				8C18C34C2440805E0012E5A2 /* AppDelegate.swift in Sources */,
				8C18C3532440805E0012E5A2 /* ContentView.swift in Sources */,
				8C18C34E2440805E0012E5A2 /* SceneDelegate.swift in Sources */,
			);
			runOnlyForDeploymentPostprocessing = 0;
		};
		8C18C35D244080620012E5A2 /* Sources */ = {
			isa = PBXSourcesBuildPhase;
			buildActionMask = 2147483647;
			files = (
				8C18C383244097560012E5A2 /* GameViewControllerTest.swift in Sources */,
				8C18C366244080620012E5A2 /* Dota_TimerTests.swift in Sources */,
			);
			runOnlyForDeploymentPostprocessing = 0;
		};
		8C18C368244080620012E5A2 /* Sources */ = {
			isa = PBXSourcesBuildPhase;
			buildActionMask = 2147483647;
			files = (
				8C18C371244080620012E5A2 /* Dota_TimerUITests.swift in Sources */,
			);
			runOnlyForDeploymentPostprocessing = 0;
		};
/* End PBXSourcesBuildPhase section */

/* Begin PBXTargetDependency section */
		8C18C363244080620012E5A2 /* PBXTargetDependency */ = {
			isa = PBXTargetDependency;
			target = 8C18C3472440805E0012E5A2 /* Dota Timer */;
			targetProxy = 8C18C362244080620012E5A2 /* PBXContainerItemProxy */;
		};
		8C18C36E244080620012E5A2 /* PBXTargetDependency */ = {
			isa = PBXTargetDependency;
			target = 8C18C3472440805E0012E5A2 /* Dota Timer */;
			targetProxy = 8C18C36D244080620012E5A2 /* PBXContainerItemProxy */;
		};
/* End PBXTargetDependency section */

/* Begin PBXVariantGroup section */
		8C18C359244080620012E5A2 /* LaunchScreen.storyboard */ = {
			isa = PBXVariantGroup;
			children = (
				8C18C35A244080620012E5A2 /* Base */,
			);
			name = LaunchScreen.storyboard;
			sourceTree = "<group>";
		};
/* End PBXVariantGroup section */

/* Begin XCBuildConfiguration section */
		8C18C373244080620012E5A2 /* Debug */ = {
			isa = XCBuildConfiguration;
			buildSettings = {
				ALWAYS_SEARCH_USER_PATHS = NO;
				CLANG_ANALYZER_NONNULL = YES;
				CLANG_ANALYZER_NUMBER_OBJECT_CONVERSION = YES_AGGRESSIVE;
				CLANG_CXX_LANGUAGE_STANDARD = "gnu++14";
				CLANG_CXX_LIBRARY = "libc++";
				CLANG_ENABLE_MODULES = YES;
				CLANG_ENABLE_OBJC_ARC = YES;
				CLANG_ENABLE_OBJC_WEAK = YES;
				CLANG_WARN_BLOCK_CAPTURE_AUTORELEASING = YES;
				CLANG_WARN_BOOL_CONVERSION = YES;
				CLANG_WARN_COMMA = YES;
				CLANG_WARN_CONSTANT_CONVERSION = YES;
				CLANG_WARN_DEPRECATED_OBJC_IMPLEMENTATIONS = YES;
				CLANG_WARN_DIRECT_OBJC_ISA_USAGE = YES_ERROR;
				CLANG_WARN_DOCUMENTATION_COMMENTS = YES;
				CLANG_WARN_EMPTY_BODY = YES;
				CLANG_WARN_ENUM_CONVERSION = YES;
				CLANG_WARN_INFINITE_RECURSION = YES;
				CLANG_WARN_INT_CONVERSION = YES;
				CLANG_WARN_NON_LITERAL_NULL_CONVERSION = YES;
				CLANG_WARN_OBJC_IMPLICIT_RETAIN_SELF = YES;
				CLANG_WARN_OBJC_LITERAL_CONVERSION = YES;
				CLANG_WARN_OBJC_ROOT_CLASS = YES_ERROR;
				CLANG_WARN_RANGE_LOOP_ANALYSIS = YES;
				CLANG_WARN_STRICT_PROTOTYPES = YES;
				CLANG_WARN_SUSPICIOUS_MOVE = YES;
				CLANG_WARN_UNGUARDED_AVAILABILITY = YES_AGGRESSIVE;
				CLANG_WARN_UNREACHABLE_CODE = YES;
				CLANG_WARN__DUPLICATE_METHOD_MATCH = YES;
				COPY_PHASE_STRIP = NO;
				DEBUG_INFORMATION_FORMAT = dwarf;
				ENABLE_STRICT_OBJC_MSGSEND = YES;
				ENABLE_TESTABILITY = YES;
				GCC_C_LANGUAGE_STANDARD = gnu11;
				GCC_DYNAMIC_NO_PIC = NO;
				GCC_NO_COMMON_BLOCKS = YES;
				GCC_OPTIMIZATION_LEVEL = 0;
				GCC_PREPROCESSOR_DEFINITIONS = (
					"DEBUG=1",
					"$(inherited)",
				);
				GCC_WARN_64_TO_32_BIT_CONVERSION = YES;
				GCC_WARN_ABOUT_RETURN_TYPE = YES_ERROR;
				GCC_WARN_UNDECLARED_SELECTOR = YES;
				GCC_WARN_UNINITIALIZED_AUTOS = YES_AGGRESSIVE;
				GCC_WARN_UNUSED_FUNCTION = YES;
				GCC_WARN_UNUSED_VARIABLE = YES;
				IPHONEOS_DEPLOYMENT_TARGET = 13.0;
				MTL_ENABLE_DEBUG_INFO = INCLUDE_SOURCE;
				MTL_FAST_MATH = YES;
				ONLY_ACTIVE_ARCH = YES;
				SDKROOT = iphoneos;
				SWIFT_ACTIVE_COMPILATION_CONDITIONS = DEBUG;
				SWIFT_OPTIMIZATION_LEVEL = "-Onone";
			};
			name = Debug;
		};
		8C18C374244080620012E5A2 /* Release */ = {
			isa = XCBuildConfiguration;
			buildSettings = {
				ALWAYS_SEARCH_USER_PATHS = NO;
				CLANG_ANALYZER_NONNULL = YES;
				CLANG_ANALYZER_NUMBER_OBJECT_CONVERSION = YES_AGGRESSIVE;
				CLANG_CXX_LANGUAGE_STANDARD = "gnu++14";
				CLANG_CXX_LIBRARY = "libc++";
				CLANG_ENABLE_MODULES = YES;
				CLANG_ENABLE_OBJC_ARC = YES;
				CLANG_ENABLE_OBJC_WEAK = YES;
				CLANG_WARN_BLOCK_CAPTURE_AUTORELEASING = YES;
				CLANG_WARN_BOOL_CONVERSION = YES;
				CLANG_WARN_COMMA = YES;
				CLANG_WARN_CONSTANT_CONVERSION = YES;
				CLANG_WARN_DEPRECATED_OBJC_IMPLEMENTATIONS = YES;
				CLANG_WARN_DIRECT_OBJC_ISA_USAGE = YES_ERROR;
				CLANG_WARN_DOCUMENTATION_COMMENTS = YES;
				CLANG_WARN_EMPTY_BODY = YES;
				CLANG_WARN_ENUM_CONVERSION = YES;
				CLANG_WARN_INFINITE_RECURSION = YES;
				CLANG_WARN_INT_CONVERSION = YES;
				CLANG_WARN_NON_LITERAL_NULL_CONVERSION = YES;
				CLANG_WARN_OBJC_IMPLICIT_RETAIN_SELF = YES;
				CLANG_WARN_OBJC_LITERAL_CONVERSION = YES;
				CLANG_WARN_OBJC_ROOT_CLASS = YES_ERROR;
				CLANG_WARN_RANGE_LOOP_ANALYSIS = YES;
				CLANG_WARN_STRICT_PROTOTYPES = YES;
				CLANG_WARN_SUSPICIOUS_MOVE = YES;
				CLANG_WARN_UNGUARDED_AVAILABILITY = YES_AGGRESSIVE;
				CLANG_WARN_UNREACHABLE_CODE = YES;
				CLANG_WARN__DUPLICATE_METHOD_MATCH = YES;
				COPY_PHASE_STRIP = NO;
				DEBUG_INFORMATION_FORMAT = "dwarf-with-dsym";
				ENABLE_NS_ASSERTIONS = NO;
				ENABLE_STRICT_OBJC_MSGSEND = YES;
				GCC_C_LANGUAGE_STANDARD = gnu11;
				GCC_NO_COMMON_BLOCKS = YES;
				GCC_WARN_64_TO_32_BIT_CONVERSION = YES;
				GCC_WARN_ABOUT_RETURN_TYPE = YES_ERROR;
				GCC_WARN_UNDECLARED_SELECTOR = YES;
				GCC_WARN_UNINITIALIZED_AUTOS = YES_AGGRESSIVE;
				GCC_WARN_UNUSED_FUNCTION = YES;
				GCC_WARN_UNUSED_VARIABLE = YES;
				IPHONEOS_DEPLOYMENT_TARGET = 13.0;
				MTL_ENABLE_DEBUG_INFO = NO;
				MTL_FAST_MATH = YES;
				SDKROOT = iphoneos;
				SWIFT_COMPILATION_MODE = wholemodule;
				SWIFT_OPTIMIZATION_LEVEL = "-O";
				VALIDATE_PRODUCT = YES;
			};
			name = Release;
		};
		8C18C376244080620012E5A2 /* Debug */ = {
			isa = XCBuildConfiguration;
			buildSettings = {
				ASSETCATALOG_COMPILER_APPICON_NAME = AppIcon;
				CODE_SIGN_STYLE = Automatic;
				DEVELOPMENT_ASSET_PATHS = "\"Dota Timer/Preview Content\"";
				DEVELOPMENT_TEAM = 8CPH3R8H7K;
				ENABLE_PREVIEWS = YES;
				INFOPLIST_FILE = "Dota Timer/Info.plist";
				LD_RUNPATH_SEARCH_PATHS = (
					"$(inherited)",
					"@executable_path/Frameworks",
				);
				PRODUCT_BUNDLE_IDENTIFIER = "ogygia.Dota-Timer";
				PRODUCT_NAME = "$(TARGET_NAME)";
				SWIFT_VERSION = 5.0;
				TARGETED_DEVICE_FAMILY = "1,2";
			};
			name = Debug;
		};
		8C18C377244080620012E5A2 /* Release */ = {
			isa = XCBuildConfiguration;
			buildSettings = {
				ASSETCATALOG_COMPILER_APPICON_NAME = AppIcon;
				CODE_SIGN_STYLE = Automatic;
				DEVELOPMENT_ASSET_PATHS = "\"Dota Timer/Preview Content\"";
				DEVELOPMENT_TEAM = 8CPH3R8H7K;
				ENABLE_PREVIEWS = YES;
				INFOPLIST_FILE = "Dota Timer/Info.plist";
				LD_RUNPATH_SEARCH_PATHS = (
					"$(inherited)",
					"@executable_path/Frameworks",
				);
				PRODUCT_BUNDLE_IDENTIFIER = "ogygia.Dota-Timer";
				PRODUCT_NAME = "$(TARGET_NAME)";
				SWIFT_VERSION = 5.0;
				TARGETED_DEVICE_FAMILY = "1,2";
			};
			name = Release;
		};
		8C18C379244080620012E5A2 /* Debug */ = {
			isa = XCBuildConfiguration;
			buildSettings = {
				ALWAYS_EMBED_SWIFT_STANDARD_LIBRARIES = YES;
				BUNDLE_LOADER = "$(TEST_HOST)";
				CODE_SIGN_STYLE = Automatic;
				DEVELOPMENT_TEAM = 8CPH3R8H7K;
				INFOPLIST_FILE = "Dota TimerTests/Info.plist";
				IPHONEOS_DEPLOYMENT_TARGET = 13.4;
				LD_RUNPATH_SEARCH_PATHS = (
					"$(inherited)",
					"@executable_path/Frameworks",
					"@loader_path/Frameworks",
				);
				PRODUCT_BUNDLE_IDENTIFIER = "ogygia.Dota-TimerTests";
				PRODUCT_NAME = "$(TARGET_NAME)";
				SWIFT_VERSION = 5.0;
				TARGETED_DEVICE_FAMILY = "1,2";
				TEST_HOST = "$(BUILT_PRODUCTS_DIR)/Dota Timer.app/Dota Timer";
			};
			name = Debug;
		};
		8C18C37A244080620012E5A2 /* Release */ = {
			isa = XCBuildConfiguration;
			buildSettings = {
				ALWAYS_EMBED_SWIFT_STANDARD_LIBRARIES = YES;
				BUNDLE_LOADER = "$(TEST_HOST)";
				CODE_SIGN_STYLE = Automatic;
				DEVELOPMENT_TEAM = 8CPH3R8H7K;
				INFOPLIST_FILE = "Dota TimerTests/Info.plist";
				IPHONEOS_DEPLOYMENT_TARGET = 13.4;
				LD_RUNPATH_SEARCH_PATHS = (
					"$(inherited)",
					"@executable_path/Frameworks",
					"@loader_path/Frameworks",
				);
				PRODUCT_BUNDLE_IDENTIFIER = "ogygia.Dota-TimerTests";
				PRODUCT_NAME = "$(TARGET_NAME)";
				SWIFT_VERSION = 5.0;
				TARGETED_DEVICE_FAMILY = "1,2";
				TEST_HOST = "$(BUILT_PRODUCTS_DIR)/Dota Timer.app/Dota Timer";
			};
			name = Release;
		};
		8C18C37C244080620012E5A2 /* Debug */ = {
			isa = XCBuildConfiguration;
			buildSettings = {
				ALWAYS_EMBED_SWIFT_STANDARD_LIBRARIES = YES;
				CODE_SIGN_STYLE = Automatic;
				DEVELOPMENT_TEAM = 8CPH3R8H7K;
				INFOPLIST_FILE = "Dota TimerUITests/Info.plist";
				LD_RUNPATH_SEARCH_PATHS = (
					"$(inherited)",
					"@executable_path/Frameworks",
					"@loader_path/Frameworks",
				);
				PRODUCT_BUNDLE_IDENTIFIER = "ogygia.Dota-TimerUITests";
				PRODUCT_NAME = "$(TARGET_NAME)";
				SWIFT_VERSION = 5.0;
				TARGETED_DEVICE_FAMILY = "1,2";
				TEST_TARGET_NAME = "Dota Timer";
			};
			name = Debug;
		};
		8C18C37D244080620012E5A2 /* Release */ = {
			isa = XCBuildConfiguration;
			buildSettings = {
				ALWAYS_EMBED_SWIFT_STANDARD_LIBRARIES = YES;
				CODE_SIGN_STYLE = Automatic;
				DEVELOPMENT_TEAM = 8CPH3R8H7K;
				INFOPLIST_FILE = "Dota TimerUITests/Info.plist";
				LD_RUNPATH_SEARCH_PATHS = (
					"$(inherited)",
					"@executable_path/Frameworks",
					"@loader_path/Frameworks",
				);
				PRODUCT_BUNDLE_IDENTIFIER = "ogygia.Dota-TimerUITests";
				PRODUCT_NAME = "$(TARGET_NAME)";
				SWIFT_VERSION = 5.0;
				TARGETED_DEVICE_FAMILY = "1,2";
				TEST_TARGET_NAME = "Dota Timer";
			};
			name = Release;
		};
/* End XCBuildConfiguration section */

/* Begin XCConfigurationList section */
		8C18C3432440805E0012E5A2 /* Build configuration list for PBXProject "Dota Timer" */ = {
			isa = XCConfigurationList;
			buildConfigurations = (
				8C18C373244080620012E5A2 /* Debug */,
				8C18C374244080620012E5A2 /* Release */,
			);
			defaultConfigurationIsVisible = 0;
			defaultConfigurationName = Release;
		};
		8C18C375244080620012E5A2 /* Build configuration list for PBXNativeTarget "Dota Timer" */ = {
			isa = XCConfigurationList;
			buildConfigurations = (
				8C18C376244080620012E5A2 /* Debug */,
				8C18C377244080620012E5A2 /* Release */,
			);
			defaultConfigurationIsVisible = 0;
			defaultConfigurationName = Release;
		};
		8C18C378244080620012E5A2 /* Build configuration list for PBXNativeTarget "Dota TimerTests" */ = {
			isa = XCConfigurationList;
			buildConfigurations = (
				8C18C379244080620012E5A2 /* Debug */,
				8C18C37A244080620012E5A2 /* Release */,
			);
			defaultConfigurationIsVisible = 0;
			defaultConfigurationName = Release;
		};
		8C18C37B244080620012E5A2 /* Build configuration list for PBXNativeTarget "Dota TimerUITests" */ = {
			isa = XCConfigurationList;
			buildConfigurations = (
				8C18C37C244080620012E5A2 /* Debug */,
				8C18C37D244080620012E5A2 /* Release */,
			);
			defaultConfigurationIsVisible = 0;
			defaultConfigurationName = Release;
		};
/* End XCConfigurationList section */

/* Begin XCVersionGroup section */
		8C18C34F2440805E0012E5A2 /* Dota_Timer.xcdatamodeld */ = {
			isa = XCVersionGroup;
			children = (
				8C18C3502440805E0012E5A2 /* Dota_Timer.xcdatamodel */,
			);
			currentVersion = 8C18C3502440805E0012E5A2 /* Dota_Timer.xcdatamodel */;
			path = Dota_Timer.xcdatamodeld;
			sourceTree = "<group>";
			versionGroupType = wrapper.xcdatamodel;
		};
/* End XCVersionGroup section */
	};
	rootObject = 8C18C3402440805E0012E5A2 /* Project object */;
}
